
Microsoft Visual Studio Solution File, Format Version 12.00
# Visual Studio 2012
Project("{FAE04EC0-301F-11D3-BF4B-00C04F79EFBC}") = "AlgoTrader", "AlgoTrader\AlgoTrader.csproj", "{D1A0C6E0-D6B9-4E6D-B0B3-392EBDC3C89F}"
EndProject
Project("{FAE04EC0-301F-11D3-BF4B-00C04F79EFBC}") = "DbTestingApp", "DbTestingApp\DbTestingApp.csproj", "{F0717FF9-3FB0-4EF5-98DC-CA10E7B7D298}"
EndProject
Project("{FAE04EC0-301F-11D3-BF4B-00C04F79EFBC}") = "AlgoTraderSite", "AlgoTraderSite\AlgoTraderSite.csproj", "{D8BD3B1E-D5CD-4D2A-B82D-5ED16EBD22E4}"
EndProject
Project("{2150E333-8FDC-42A3-9474-1A3956D46DE8}") = ".nuget", ".nuget", "{7FE52231-1768-4D7C-A262-4605C59ABCE2}"
	ProjectSection(SolutionItems) = preProject
		.nuget\NuGet.Config = .nuget\NuGet.Config
		.nuget\NuGet.exe = .nuget\NuGet.exe
		.nuget\NuGet.targets = .nuget\NuGet.targets
		.nuget\packages.config = .nuget\packages.config
	EndProjectSection
EndProject
Project("{FAE04EC0-301F-11D3-BF4B-00C04F79EFBC}") = "AlgoTrader.NUnit", "AlgoTrader.NUnit\AlgoTrader.NUnit.csproj", "{6D0532C8-982F-4033-9BAF-9A567CF251FE}"
EndProject
Project("{FAE04EC0-301F-11D3-BF4B-00C04F79EFBC}") = "ATStrategySvc", "ATStrategySvc\ATStrategySvc.csproj", "{FD991369-D21A-4A19-BC93-892F7D916AFA}"
EndProject
Project("{2150E333-8FDC-42A3-9474-1A3956D46DE8}") = "Solution Items", "Solution Items", "{93F4380B-4ACC-4F6D-A7DE-67E7DEF72659}"
	ProjectSection(SolutionItems) = preProject
		test.txt = test.txt
	EndProjectSection
EndProject
Project("{FAE04EC0-301F-11D3-BF4B-00C04F79EFBC}") = "ATQouteMngrUpdate", "ATQouteMngrUpdate\ATQouteMngrUpdate.csproj", "{CBC7B1B4-D92B-4DA4-8C01-293B32DBCF3F}"
EndProject
Global
	GlobalSection(SolutionConfigurationPlatforms) = preSolution
		Debug|Any CPU = Debug|Any CPU
		Release|Any CPU = Release|Any CPU
	EndGlobalSection
	GlobalSection(ProjectConfigurationPlatforms) = postSolution
		{D1A0C6E0-D6B9-4E6D-B0B3-392EBDC3C89F}.Debug|Any CPU.ActiveCfg = Debug|Any CPU
		{D1A0C6E0-D6B9-4E6D-B0B3-392EBDC3C89F}.Debug|Any CPU.Build.0 = Debug|Any CPU
		{D1A0C6E0-D6B9-4E6D-B0B3-392EBDC3C89F}.Release|Any CPU.ActiveCfg = Release|Any CPU
		{D1A0C6E0-D6B9-4E6D-B0B3-392EBDC3C89F}.Release|Any CPU.Build.0 = Release|Any CPU
		{F0717FF9-3FB0-4EF5-98DC-CA10E7B7D298}.Debug|Any CPU.ActiveCfg = Debug|Any CPU
		{F0717FF9-3FB0-4EF5-98DC-CA10E7B7D298}.Debug|Any CPU.Build.0 = Debug|Any CPU
		{F0717FF9-3FB0-4EF5-98DC-CA10E7B7D298}.Release|Any CPU.ActiveCfg = Release|Any CPU
		{F0717FF9-3FB0-4EF5-98DC-CA10E7B7D298}.Release|Any CPU.Build.0 = Release|Any CPU
		{D8BD3B1E-D5CD-4D2A-B82D-5ED16EBD22E4}.Debug|Any CPU.ActiveCfg = Debug|Any CPU
		{D8BD3B1E-D5CD-4D2A-B82D-5ED16EBD22E4}.Debug|Any CPU.Build.0 = Debug|Any CPU
		{D8BD3B1E-D5CD-4D2A-B82D-5ED16EBD22E4}.Release|Any CPU.ActiveCfg = Release|Any CPU
		{D8BD3B1E-D5CD-4D2A-B82D-5ED16EBD22E4}.Release|Any CPU.Build.0 = Release|Any CPU
		{6D0532C8-982F-4033-9BAF-9A567CF251FE}.Debug|Any CPU.ActiveCfg = Debug|Any CPU
		{6D0532C8-982F-4033-9BAF-9A567CF251FE}.Debug|Any CPU.Build.0 = Debug|Any CPU
		{6D0532C8-982F-4033-9BAF-9A567CF251FE}.Release|Any CPU.ActiveCfg = Release|Any CPU
		{6D0532C8-982F-4033-9BAF-9A567CF251FE}.Release|Any CPU.Build.0 = Release|Any CPU
		{FD991369-D21A-4A19-BC93-892F7D916AFA}.Debug|Any CPU.ActiveCfg = Debug|Any CPU
		{FD991369-D21A-4A19-BC93-892F7D916AFA}.Debug|Any CPU.Build.0 = Debug|Any CPU
		{FD991369-D21A-4A19-BC93-892F7D916AFA}.Release|Any CPU.ActiveCfg = Release|Any CPU
		{FD991369-D21A-4A19-BC93-892F7D916AFA}.Release|Any CPU.Build.0 = Release|Any CPU
		{CBC7B1B4-D92B-4DA4-8C01-293B32DBCF3F}.Debug|Any CPU.ActiveCfg = Debug|Any CPU
		{CBC7B1B4-D92B-4DA4-8C01-293B32DBCF3F}.Debug|Any CPU.Build.0 = Debug|Any CPU
		{CBC7B1B4-D92B-4DA4-8C01-293B32DBCF3F}.Release|Any CPU.ActiveCfg = Release|Any CPU
		{CBC7B1B4-D92B-4DA4-8C01-293B32DBCF3F}.Release|Any CPU.Build.0 = Release|Any CPU
	EndGlobalSection
	GlobalSection(SolutionProperties) = preSolution
		HideSolutionNode = FALSE
	EndGlobalSection
EndGlobal
